// !$*UTF8*$!
{
	archiveVersion = 1;
	classes = {
	};
	objectVersion = 77;
	objects = {

/* Begin PBXContainerItemProxy section */
		FFEE2CDD2D3E84A000A79FB8 /* PBXContainerItemProxy */ = {
			isa = PBXContainerItemProxy;
			containerPortal = FFEE2CC42D3E849E00A79FB8 /* Project object */;
			proxyType = 1;
			remoteGlobalIDString = FFEE2CCB2D3E849E00A79FB8;
			remoteInfo = FrameWorks;
		};
		FFEE2CE72D3E84A000A79FB8 /* PBXContainerItemProxy */ = {
			isa = PBXContainerItemProxy;
			containerPortal = FFEE2CC42D3E849E00A79FB8 /* Project object */;
			proxyType = 1;
			remoteGlobalIDString = FFEE2CCB2D3E849E00A79FB8;
			remoteInfo = FrameWorks;
		};
/* End PBXContainerItemProxy section */

/* Begin PBXFileReference section */
		FFEE2CCC2D3E849E00A79FB8 /* FrameWorks.app */ = {isa = PBXFileReference; explicitFileType = wrapper.application; includeInIndex = 0; path = FrameWorks.app; sourceTree = BUILT_PRODUCTS_DIR; };
		FFEE2CDC2D3E84A000A79FB8 /* FrameWorksTests.xctest */ = {isa = PBXFileReference; explicitFileType = wrapper.cfbundle; includeInIndex = 0; path = FrameWorksTests.xctest; sourceTree = BUILT_PRODUCTS_DIR; };
		FFEE2CE62D3E84A000A79FB8 /* FrameWorksUITests.xctest */ = {isa = PBXFileReference; explicitFileType = wrapper.cfbundle; includeInIndex = 0; path = FrameWorksUITests.xctest; sourceTree = BUILT_PRODUCTS_DIR; };
/* End PBXFileReference section */

/* Begin PBXFileSystemSynchronizedRootGroup section */
		FFEE2CCE2D3E849E00A79FB8 /* FrameWorks */ = {
			isa = PBXFileSystemSynchronizedRootGroup;
			path = FrameWorks;
			sourceTree = "<group>";
		};
		FFEE2CDF2D3E84A000A79FB8 /* FrameWorksTests */ = {
			isa = PBXFileSystemSynchronizedRootGroup;
			path = FrameWorksTests;
			sourceTree = "<group>";
		};
		FFEE2CE92D3E84A000A79FB8 /* FrameWorksUITests */ = {
			isa = PBXFileSystemSynchronizedRootGroup;
			path = FrameWorksUITests;
			sourceTree = "<group>";
		};
/* End PBXFileSystemSynchronizedRootGroup section */

/* Begin PBXFrameworksBuildPhase section */
		FFEE2CC92D3E849E00A79FB8 /* Frameworks */ = {
			isa = PBXFrameworksBuildPhase;
			buildActionMask = 2147483647;
			files = (
			);
			runOnlyForDeploymentPostprocessing = 0;
		};
		FFEE2CD92D3E84A000A79FB8 /* Frameworks */ = {
			isa = PBXFrameworksBuildPhase;
			buildActionMask = 2147483647;
			files = (
			);
			runOnlyForDeploymentPostprocessing = 0;
		};
		FFEE2CE32D3E84A000A79FB8 /* Frameworks */ = {
			isa = PBXFrameworksBuildPhase;
			buildActionMask = 2147483647;
			files = (
			);
			runOnlyForDeploymentPostprocessing = 0;
		};
/* End PBXFrameworksBuildPhase section */

/* Begin PBXGroup section */
		FFEE2CC32D3E849E00A79FB8 = {
			isa = PBXGroup;
			children = (
				FFEE2CCE2D3E849E00A79FB8 /* FrameWorks */,
				FFEE2CDF2D3E84A000A79FB8 /* FrameWorksTests */,
				FFEE2CE92D3E84A000A79FB8 /* FrameWorksUITests */,
				FFEE2CCD2D3E849E00A79FB8 /* Products */,
			);
			sourceTree = "<group>";
		};
		FFEE2CCD2D3E849E00A79FB8 /* Products */ = {
			isa = PBXGroup;
			children = (
				FFEE2CCC2D3E849E00A79FB8 /* FrameWorks.app */,
				FFEE2CDC2D3E84A000A79FB8 /* FrameWorksTests.xctest */,
				FFEE2CE62D3E84A000A79FB8 /* FrameWorksUITests.xctest */,
			);
			name = Products;
			sourceTree = "<group>";
		};
/* End PBXGroup section */

/* Begin PBXNativeTarget section */
		FFEE2CCB2D3E849E00A79FB8 /* FrameWorks */ = {
			isa = PBXNativeTarget;
			buildConfigurationList = FFEE2CF02D3E84A000A79FB8 /* Build configuration list for PBXNativeTarget "FrameWorks" */;
			buildPhases = (
				FFEE2CC82D3E849E00A79FB8 /* Sources */,
				FFEE2CC92D3E849E00A79FB8 /* Frameworks */,
				FFEE2CCA2D3E849E00A79FB8 /* Resources */,
			);
			buildRules = (
			);
			dependencies = (
			);
			fileSystemSynchronizedGroups = (
				FFEE2CCE2D3E849E00A79FB8 /* FrameWorks */,
			);
			name = FrameWorks;
			packageProductDependencies = (
			);
			productName = FrameWorks;
			productReference = FFEE2CCC2D3E849E00A79FB8 /* FrameWorks.app */;
			productType = "com.apple.product-type.application";
		};
		FFEE2CDB2D3E84A000A79FB8 /* FrameWorksTests */ = {
			isa = PBXNativeTarget;
			buildConfigurationList = FFEE2CF32D3E84A000A79FB8 /* Build configuration list for PBXNativeTarget "FrameWorksTests" */;
			buildPhases = (
				FFEE2CD82D3E84A000A79FB8 /* Sources */,
				FFEE2CD92D3E84A000A79FB8 /* Frameworks */,
				FFEE2CDA2D3E84A000A79FB8 /* Resources */,
			);
			buildRules = (
			);
			dependencies = (
				FFEE2CDE2D3E84A000A79FB8 /* PBXTargetDependency */,
			);
			fileSystemSynchronizedGroups = (
				FFEE2CDF2D3E84A000A79FB8 /* FrameWorksTests */,
			);
			name = FrameWorksTests;
			packageProductDependencies = (
			);
			productName = FrameWorksTests;
			productReference = FFEE2CDC2D3E84A000A79FB8 /* FrameWorksTests.xctest */;
			productType = "com.apple.product-type.bundle.unit-test";
		};
		FFEE2CE52D3E84A000A79FB8 /* FrameWorksUITests */ = {
			isa = PBXNativeTarget;
			buildConfigurationList = FFEE2CF62D3E84A000A79FB8 /* Build configuration list for PBXNativeTarget "FrameWorksUITests" */;
			buildPhases = (
				FFEE2CE22D3E84A000A79FB8 /* Sources */,
				FFEE2CE32D3E84A000A79FB8 /* Frameworks */,
				FFEE2CE42D3E84A000A79FB8 /* Resources */,
			);
			buildRules = (
			);
			dependencies = (
				FFEE2CE82D3E84A000A79FB8 /* PBXTargetDependency */,
			);
			fileSystemSynchronizedGroups = (
				FFEE2CE92D3E84A000A79FB8 /* FrameWorksUITests */,
			);
			name = FrameWorksUITests;
			packageProductDependencies = (
			);
			productName = FrameWorksUITests;
			productReference = FFEE2CE62D3E84A000A79FB8 /* FrameWorksUITests.xctest */;
			productType = "com.apple.product-type.bundle.ui-testing";
		};
/* End PBXNativeTarget section */

/* Begin PBXProject section */
		FFEE2CC42D3E849E00A79FB8 /* Project object */ = {
			isa = PBXProject;
			attributes = {
				BuildIndependentTargetsInParallel = 1;
				LastSwiftUpdateCheck = 1620;
				LastUpgradeCheck = 1620;
				TargetAttributes = {
					FFEE2CCB2D3E849E00A79FB8 = {
						CreatedOnToolsVersion = 16.2;
					};
					FFEE2CDB2D3E84A000A79FB8 = {
						CreatedOnToolsVersion = 16.2;
						TestTargetID = FFEE2CCB2D3E849E00A79FB8;
					};
					FFEE2CE52D3E84A000A79FB8 = {
						CreatedOnToolsVersion = 16.2;
						TestTargetID = FFEE2CCB2D3E849E00A79FB8;
					};
				};
			};
			buildConfigurationList = FFEE2CC72D3E849E00A79FB8 /* Build configuration list for PBXProject "FrameWorks" */;
			developmentRegion = en;
			hasScannedForEncodings = 0;
			knownRegions = (
				en,
				Base,
			);
			mainGroup = FFEE2CC32D3E849E00A79FB8;
			minimizedProjectReferenceProxies = 1;
			preferredProjectObjectVersion = 77;
			productRefGroup = FFEE2CCD2D3E849E00A79FB8 /* Products */;
			projectDirPath = "";
			projectRoot = "";
			targets = (
				FFEE2CCB2D3E849E00A79FB8 /* FrameWorks */,
				FFEE2CDB2D3E84A000A79FB8 /* FrameWorksTests */,
				FFEE2CE52D3E84A000A79FB8 /* FrameWorksUITests */,
			);
		};
/* End PBXProject section */

/* Begin PBXResourcesBuildPhase section */
		FFEE2CCA2D3E849E00A79FB8 /* Resources */ = {
			isa = PBXResourcesBuildPhase;
			buildActionMask = 2147483647;
			files = (
			);
			runOnlyForDeploymentPostprocessing = 0;
		};
		FFEE2CDA2D3E84A000A79FB8 /* Resources */ = {
			isa = PBXResourcesBuildPhase;
			buildActionMask = 2147483647;
			files = (
			);
			runOnlyForDeploymentPostprocessing = 0;
		};
		FFEE2CE42D3E84A000A79FB8 /* Resources */ = {
			isa = PBXResourcesBuildPhase;
			buildActionMask = 2147483647;
			files = (
			);
			runOnlyForDeploymentPostprocessing = 0;
		};
/* End PBXResourcesBuildPhase section */

/* Begin PBXSourcesBuildPhase section */
		FFEE2CC82D3E849E00A79FB8 /* Sources */ = {
			isa = PBXSourcesBuildPhase;
			buildActionMask = 2147483647;
			files = (
			);
			runOnlyForDeploymentPostprocessing = 0;
		};
		FFEE2CD82D3E84A000A79FB8 /* Sources */ = {
			isa = PBXSourcesBuildPhase;
			buildActionMask = 2147483647;
			files = (
			);
			runOnlyForDeploymentPostprocessing = 0;
		};
		FFEE2CE22D3E84A000A79FB8 /* Sources */ = {
			isa = PBXSourcesBuildPhase;
			buildActionMask = 2147483647;
			files = (
			);
			runOnlyForDeploymentPostprocessing = 0;
		};
/* End PBXSourcesBuildPhase section */

/* Begin PBXTargetDependency section */
		FFEE2CDE2D3E84A000A79FB8 /* PBXTargetDependency */ = {
			isa = PBXTargetDependency;
			target = FFEE2CCB2D3E849E00A79FB8 /* FrameWorks */;
			targetProxy = FFEE2CDD2D3E84A000A79FB8 /* PBXContainerItemProxy */;
		};
		FFEE2CE82D3E84A000A79FB8 /* PBXTargetDependency */ = {
			isa = PBXTargetDependency;
			target = FFEE2CCB2D3E849E00A79FB8 /* FrameWorks */;
			targetProxy = FFEE2CE72D3E84A000A79FB8 /* PBXContainerItemProxy */;
		};
/* End PBXTargetDependency section */

/* Begin XCBuildConfiguration section */
		FFEE2CEE2D3E84A000A79FB8 /* Debug */ = {
			isa = XCBuildConfiguration;
			buildSettings = {
				ALWAYS_SEARCH_USER_PATHS = NO;
				ASSETCATALOG_COMPILER_GENERATE_SWIFT_ASSET_SYMBOL_EXTENSIONS = YES;
				CLANG_ANALYZER_NONNULL = YES;
				CLANG_ANALYZER_NUMBER_OBJECT_CONVERSION = YES_AGGRESSIVE;
				CLANG_CXX_LANGUAGE_STANDARD = "gnu++20";
				CLANG_ENABLE_MODULES = YES;
				CLANG_ENABLE_OBJC_ARC = YES;
				CLANG_ENABLE_OBJC_WEAK = YES;
				CLANG_WARN_BLOCK_CAPTURE_AUTORELEASING = YES;
				CLANG_WARN_BOOL_CONVERSION = YES;
				CLANG_WARN_COMMA = YES;
				CLANG_WARN_CONSTANT_CONVERSION = YES;
				CLANG_WARN_DEPRECATED_OBJC_IMPLEMENTATIONS = YES;
				CLANG_WARN_DIRECT_OBJC_ISA_USAGE = YES_ERROR;
				CLANG_WARN_DOCUMENTATION_COMMENTS = YES;
				CLANG_WARN_EMPTY_BODY = YES;
				CLANG_WARN_ENUM_CONVERSION = YES;
				CLANG_WARN_INFINITE_RECURSION = YES;
				CLANG_WARN_INT_CONVERSION = YES;
				CLANG_WARN_NON_LITERAL_NULL_CONVERSION = YES;
				CLANG_WARN_OBJC_IMPLICIT_RETAIN_SELF = YES;
				CLANG_WARN_OBJC_LITERAL_CONVERSION = YES;
				CLANG_WARN_OBJC_ROOT_CLASS = YES_ERROR;
				CLANG_WARN_QUOTED_INCLUDE_IN_FRAMEWORK_HEADER = YES;
				CLANG_WARN_RANGE_LOOP_ANALYSIS = YES;
				CLANG_WARN_STRICT_PROTOTYPES = YES;
				CLANG_WARN_SUSPICIOUS_MOVE = YES;
				CLANG_WARN_UNGUARDED_AVAILABILITY = YES_AGGRESSIVE;
				CLANG_WARN_UNREACHABLE_CODE = YES;
				CLANG_WARN__DUPLICATE_METHOD_MATCH = YES;
				COPY_PHASE_STRIP = NO;
				DEBUG_INFORMATION_FORMAT = dwarf;
				ENABLE_STRICT_OBJC_MSGSEND = YES;
				ENABLE_TESTABILITY = YES;
				ENABLE_USER_SCRIPT_SANDBOXING = YES;
				GCC_C_LANGUAGE_STANDARD = gnu17;
				GCC_DYNAMIC_NO_PIC = NO;
				GCC_NO_COMMON_BLOCKS = YES;
				GCC_OPTIMIZATION_LEVEL = 0;
				GCC_PREPROCESSOR_DEFINITIONS = (
					"DEBUG=1",
					"$(inherited)",
				);
				GCC_WARN_64_TO_32_BIT_CONVERSION = YES;
				GCC_WARN_ABOUT_RETURN_TYPE = YES_ERROR;
				GCC_WARN_UNDECLARED_SELECTOR = YES;
				GCC_WARN_UNINITIALIZED_AUTOS = YES_AGGRESSIVE;
				GCC_WARN_UNUSED_FUNCTION = YES;
				GCC_WARN_UNUSED_VARIABLE = YES;
				IPHONEOS_DEPLOYMENT_TARGET = 18.2;
				LOCALIZATION_PREFERS_STRING_CATALOGS = YES;
				MTL_ENABLE_DEBUG_INFO = INCLUDE_SOURCE;
				MTL_FAST_MATH = YES;
				ONLY_ACTIVE_ARCH = YES;
				SDKROOT = iphoneos;
				SWIFT_ACTIVE_COMPILATION_CONDITIONS = "DEBUG $(inherited)";
				SWIFT_OPTIMIZATION_LEVEL = "-Onone";
			};
			name = Debug;
		};
		FFEE2CEF2D3E84A000A79FB8 /* Release */ = {
			isa = XCBuildConfiguration;
			buildSettings = {
				ALWAYS_SEARCH_USER_PATHS = NO;
				ASSETCATALOG_COMPILER_GENERATE_SWIFT_ASSET_SYMBOL_EXTENSIONS = YES;
				CLANG_ANALYZER_NONNULL = YES;
				CLANG_ANALYZER_NUMBER_OBJECT_CONVERSION = YES_AGGRESSIVE;
				CLANG_CXX_LANGUAGE_STANDARD = "gnu++20";
				CLANG_ENABLE_MODULES = YES;
				CLANG_ENABLE_OBJC_ARC = YES;
				CLANG_ENABLE_OBJC_WEAK = YES;
				CLANG_WARN_BLOCK_CAPTURE_AUTORELEASING = YES;
				CLANG_WARN_BOOL_CONVERSION = YES;
				CLANG_WARN_COMMA = YES;
				CLANG_WARN_CONSTANT_CONVERSION = YES;
				CLANG_WARN_DEPRECATED_OBJC_IMPLEMENTATIONS = YES;
				CLANG_WARN_DIRECT_OBJC_ISA_USAGE = YES_ERROR;
				CLANG_WARN_DOCUMENTATION_COMMENTS = YES;
				CLANG_WARN_EMPTY_BODY = YES;
				CLANG_WARN_ENUM_CONVERSION = YES;
				CLANG_WARN_INFINITE_RECURSION = YES;
				CLANG_WARN_INT_CONVERSION = YES;
				CLANG_WARN_NON_LITERAL_NULL_CONVERSION = YES;
				CLANG_WARN_OBJC_IMPLICIT_RETAIN_SELF = YES;
				CLANG_WARN_OBJC_LITERAL_CONVERSION = YES;
				CLANG_WARN_OBJC_ROOT_CLASS = YES_ERROR;
				CLANG_WARN_QUOTED_INCLUDE_IN_FRAMEWORK_HEADER = YES;
				CLANG_WARN_RANGE_LOOP_ANALYSIS = YES;
				CLANG_WARN_STRICT_PROTOTYPES = YES;
				CLANG_WARN_SUSPICIOUS_MOVE = YES;
				CLANG_WARN_UNGUARDED_AVAILABILITY = YES_AGGRESSIVE;
				CLANG_WARN_UNREACHABLE_CODE = YES;
				CLANG_WARN__DUPLICATE_METHOD_MATCH = YES;
				COPY_PHASE_STRIP = NO;
				DEBUG_INFORMATION_FORMAT = "dwarf-with-dsym";
				ENABLE_NS_ASSERTIONS = NO;
				ENABLE_STRICT_OBJC_MSGSEND = YES;
				ENABLE_USER_SCRIPT_SANDBOXING = YES;
				GCC_C_LANGUAGE_STANDARD = gnu17;
				GCC_NO_COMMON_BLOCKS = YES;
				GCC_WARN_64_TO_32_BIT_CONVERSION = YES;
				GCC_WARN_ABOUT_RETURN_TYPE = YES_ERROR;
				GCC_WARN_UNDECLARED_SELECTOR = YES;
				GCC_WARN_UNINITIALIZED_AUTOS = YES_AGGRESSIVE;
				GCC_WARN_UNUSED_FUNCTION = YES;
				GCC_WARN_UNUSED_VARIABLE = YES;
				IPHONEOS_DEPLOYMENT_TARGET = 18.2;
				LOCALIZATION_PREFERS_STRING_CATALOGS = YES;
				MTL_ENABLE_DEBUG_INFO = NO;
				MTL_FAST_MATH = YES;
				SDKROOT = iphoneos;
				SWIFT_COMPILATION_MODE = wholemodule;
				VALIDATE_PRODUCT = YES;
			};
			name = Release;
		};
		FFEE2CF12D3E84A000A79FB8 /* Debug */ = {
			isa = XCBuildConfiguration;
			buildSettings = {
				ASSETCATALOG_COMPILER_APPICON_NAME = AppIcon;
				ASSETCATALOG_COMPILER_GLOBAL_ACCENT_COLOR_NAME = AccentColor;
				CODE_SIGN_STYLE = Automatic;
				CURRENT_PROJECT_VERSION = 1;
				DEVELOPMENT_ASSET_PATHS = "\"FrameWorks/Preview Content\"";
				DEVELOPMENT_TEAM = 7C3HH7LJ64;
				ENABLE_PREVIEWS = YES;
				GENERATE_INFOPLIST_FILE = YES;
				INFOPLIST_KEY_UIApplicationSceneManifest_Generation = YES;
				INFOPLIST_KEY_UIApplicationSupportsIndirectInputEvents = YES;
				INFOPLIST_KEY_UILaunchScreen_Generation = YES;
				INFOPLIST_KEY_UISupportedInterfaceOrientations_iPad = "UIInterfaceOrientationPortrait UIInterfaceOrientationPortraitUpsideDown UIInterfaceOrientationLandscapeLeft UIInterfaceOrientationLandscapeRight";
				INFOPLIST_KEY_UISupportedInterfaceOrientations_iPhone = "UIInterfaceOrientationPortrait UIInterfaceOrientationLandscapeLeft UIInterfaceOrientationLandscapeRight";
				LD_RUNPATH_SEARCH_PATHS = (
					"$(inherited)",
					"@executable_path/Frameworks",
				);
				MARKETING_VERSION = 1.0;
				PRODUCT_BUNDLE_IDENTIFIER = com.ekenya.rnd.FrameWorks;
				PRODUCT_NAME = "$(TARGET_NAME)";
				SWIFT_EMIT_LOC_STRINGS = YES;
				SWIFT_VERSION = 5.0;
				TARGETED_DEVICE_FAMILY = "1,2";
			};
			name = Debug;
		};
		FFEE2CF22D3E84A000A79FB8 /* Release */ = {
			isa = XCBuildConfiguration;
			buildSettings = {
				ASSETCATALOG_COMPILER_APPICON_NAME = AppIcon;
				ASSETCATALOG_COMPILER_GLOBAL_ACCENT_COLOR_NAME = AccentColor;
				CODE_SIGN_STYLE = Automatic;
				CURRENT_PROJECT_VERSION = 1;
				DEVELOPMENT_ASSET_PATHS = "\"FrameWorks/Preview Content\"";
				DEVELOPMENT_TEAM = 7C3HH7LJ64;
				ENABLE_PREVIEWS = YES;
				GENERATE_INFOPLIST_FILE = YES;
				INFOPLIST_KEY_UIApplicationSceneManifest_Generation = YES;
				INFOPLIST_KEY_UIApplicationSupportsIndirectInputEvents = YES;
				INFOPLIST_KEY_UILaunchScreen_Generation = YES;
				INFOPLIST_KEY_UISupportedInterfaceOrientations_iPad = "UIInterfaceOrientationPortrait UIInterfaceOrientationPortraitUpsideDown UIInterfaceOrientationLandscapeLeft UIInterfaceOrientationLandscapeRight";
				INFOPLIST_KEY_UISupportedInterfaceOrientations_iPhone = "UIInterfaceOrientationPortrait UIInterfaceOrientationLandscapeLeft UIInterfaceOrientationLandscapeRight";
				LD_RUNPATH_SEARCH_PATHS = (
					"$(inherited)",
					"@executable_path/Frameworks",
				);
				MARKETING_VERSION = 1.0;
				PRODUCT_BUNDLE_IDENTIFIER = com.ekenya.rnd.FrameWorks;
				PRODUCT_NAME = "$(TARGET_NAME)";
				SWIFT_EMIT_LOC_STRINGS = YES;
				SWIFT_VERSION = 5.0;
				TARGETED_DEVICE_FAMILY = "1,2";
			};
			name = Release;
		};
		FFEE2CF42D3E84A000A79FB8 /* Debug */ = {
			isa = XCBuildConfiguration;
			buildSettings = {
				BUNDLE_LOADER = "$(TEST_HOST)";
				CODE_SIGN_STYLE = Automatic;
				CURRENT_PROJECT_VERSION = 1;
				DEVELOPMENT_TEAM = 7C3HH7LJ64;
				GENERATE_INFOPLIST_FILE = YES;
				IPHONEOS_DEPLOYMENT_TARGET = 18.2;
				MARKETING_VERSION = 1.0;
				PRODUCT_BUNDLE_IDENTIFIER = com.ekenya.rnd.FrameWorksTests;
				PRODUCT_NAME = "$(TARGET_NAME)";
				SWIFT_EMIT_LOC_STRINGS = NO;
				SWIFT_VERSION = 5.0;
				TARGETED_DEVICE_FAMILY = "1,2";
				TEST_HOST = "$(BUILT_PRODUCTS_DIR)/FrameWorks.app/$(BUNDLE_EXECUTABLE_FOLDER_PATH)/FrameWorks";
			};
			name = Debug;
		};
		FFEE2CF52D3E84A000A79FB8 /* Release */ = {
			isa = XCBuildConfiguration;
			buildSettings = {
				BUNDLE_LOADER = "$(TEST_HOST)";
				CODE_SIGN_STYLE = Automatic;
				CURRENT_PROJECT_VERSION = 1;
				DEVELOPMENT_TEAM = 7C3HH7LJ64;
				GENERATE_INFOPLIST_FILE = YES;
				IPHONEOS_DEPLOYMENT_TARGET = 18.2;
				MARKETING_VERSION = 1.0;
				PRODUCT_BUNDLE_IDENTIFIER = com.ekenya.rnd.FrameWorksTests;
				PRODUCT_NAME = "$(TARGET_NAME)";
				SWIFT_EMIT_LOC_STRINGS = NO;
				SWIFT_VERSION = 5.0;
				TARGETED_DEVICE_FAMILY = "1,2";
				TEST_HOST = "$(BUILT_PRODUCTS_DIR)/FrameWorks.app/$(BUNDLE_EXECUTABLE_FOLDER_PATH)/FrameWorks";
			};
			name = Release;
		};
		FFEE2CF72D3E84A000A79FB8 /* Debug */ = {
			isa = XCBuildConfiguration;
			buildSettings = {
				CODE_SIGN_STYLE = Automatic;
				CURRENT_PROJECT_VERSION = 1;
				DEVELOPMENT_TEAM = 7C3HH7LJ64;
				GENERATE_INFOPLIST_FILE = YES;
				MARKETING_VERSION = 1.0;
				PRODUCT_BUNDLE_IDENTIFIER = com.ekenya.rnd.FrameWorksUITests;
				PRODUCT_NAME = "$(TARGET_NAME)";
				SWIFT_EMIT_LOC_STRINGS = NO;
				SWIFT_VERSION = 5.0;
				TARGETED_DEVICE_FAMILY = "1,2";
				TEST_TARGET_NAME = FrameWorks;
			};
			name = Debug;
		};
		FFEE2CF82D3E84A000A79FB8 /* Release */ = {
			isa = XCBuildConfiguration;
			buildSettings = {
				CODE_SIGN_STYLE = Automatic;
				CURRENT_PROJECT_VERSION = 1;
				DEVELOPMENT_TEAM = 7C3HH7LJ64;
				GENERATE_INFOPLIST_FILE = YES;
				MARKETING_VERSION = 1.0;
				PRODUCT_BUNDLE_IDENTIFIER = com.ekenya.rnd.FrameWorksUITests;
				PRODUCT_NAME = "$(TARGET_NAME)";
				SWIFT_EMIT_LOC_STRINGS = NO;
				SWIFT_VERSION = 5.0;
				TARGETED_DEVICE_FAMILY = "1,2";
				TEST_TARGET_NAME = FrameWorks;
			};
			name = Release;
		};
/* End XCBuildConfiguration section */

/* Begin XCConfigurationList section */
		FFEE2CC72D3E849E00A79FB8 /* Build configuration list for PBXProject "FrameWorks" */ = {
			isa = XCConfigurationList;
			buildConfigurations = (
				FFEE2CEE2D3E84A000A79FB8 /* Debug */,
				FFEE2CEF2D3E84A000A79FB8 /* Release */,
			);
			defaultConfigurationIsVisible = 0;
			defaultConfigurationName = Release;
		};
		FFEE2CF02D3E84A000A79FB8 /* Build configuration list for PBXNativeTarget "FrameWorks" */ = {
			isa = XCConfigurationList;
			buildConfigurations = (
				FFEE2CF12D3E84A000A79FB8 /* Debug */,
				FFEE2CF22D3E84A000A79FB8 /* Release */,
			);
			defaultConfigurationIsVisible = 0;
			defaultConfigurationName = Release;
		};
		FFEE2CF32D3E84A000A79FB8 /* Build configuration list for PBXNativeTarget "FrameWorksTests" */ = {
			isa = XCConfigurationList;
			buildConfigurations = (
				FFEE2CF42D3E84A000A79FB8 /* Debug */,
				FFEE2CF52D3E84A000A79FB8 /* Release */,
			);
			defaultConfigurationIsVisible = 0;
			defaultConfigurationName = Release;
		};
		FFEE2CF62D3E84A000A79FB8 /* Build configuration list for PBXNativeTarget "FrameWorksUITests" */ = {
			isa = XCConfigurationList;
			buildConfigurations = (
				FFEE2CF72D3E84A000A79FB8 /* Debug */,
				FFEE2CF82D3E84A000A79FB8 /* Release */,
			);
			defaultConfigurationIsVisible = 0;
			defaultConfigurationName = Release;
		};
/* End XCConfigurationList section */
	};
	rootObject = FFEE2CC42D3E849E00A79FB8 /* Project object */;
}
